
Microsoft Visual Studio Solution File, Format Version 12.00
# Visual Studio Version 16
VisualStudioVersion = 16.0.31105.61
MinimumVisualStudioVersion = 10.0.40219.1
Project("{FAE04EC0-301F-11D3-BF4B-00C04F79EFBC}") = "fake_ddos", "fake_ddos.csproj", "{4F31973D-1D20-4DC4-BC20-0E82FD39B3AC}"
EndProject
Global
	GlobalSection(SolutionConfigurationPlatforms) = preSolution
		Debug|Any CPU = Debug|Any CPU
		Release|Any CPU = Release|Any CPU
	EndGlobalSection
	GlobalSection(ProjectConfigurationPlatforms) = postSolution
		{4F31973D-1D20-4DC4-BC20-0E82FD39B3AC}.Debug|Any CPU.ActiveCfg = Debug|Any CPU
		{4F31973D-1D20-4DC4-BC20-0E82FD39B3AC}.Debug|Any CPU.Build.0 = Debug|Any CPU
		{4F31973D-1D20-4DC4-BC20-0E82FD39B3AC}.Release|Any CPU.ActiveCfg = Release|Any CPU
		{4F31973D-1D20-4DC4-BC20-0E82FD39B3AC}.Release|Any CPU.Build.0 = Release|Any CPU
	EndGlobalSection
	GlobalSection(SolutionProperties) = preSolution
		HideSolutionNode = FALSE
	EndGlobalSection
	GlobalSection(ExtensibilityGlobals) = postSolution
		SolutionGuid = {3C15D3F3-DB6B-42CC-85E9-F8F5E31483F9}
	EndGlobalSection
EndGlobal
